
Microsoft Visual Studio Solution File, Format Version 12.00
# Visual Studio Version 17
VisualStudioVersion = 17.7.34202.233
MinimumVisualStudioVersion = 10.0.40219.1
Project("{FAE04EC0-301F-11D3-BF4B-00C04F79EFBC}") = "EFCore", "EFCore\EFCore.csproj", "{C9E1DAB9-0AB1-4069-840A-8E3FC15EAB82}"
EndProject
Global
	GlobalSection(SolutionConfigurationPlatforms) = preSolution
		Debug|Any CPU = Debug|Any CPU
		Release|Any CPU = Release|Any CPU
	EndGlobalSection
	GlobalSection(ProjectConfigurationPlatforms) = postSolution
		{C9E1DAB9-0AB1-4069-840A-8E3FC15EAB82}.Debug|Any CPU.ActiveCfg = Debug|Any CPU
		{C9E1DAB9-0AB1-4069-840A-8E3FC15EAB82}.Debug|Any CPU.Build.0 = Debug|Any CPU
		{C9E1DAB9-0AB1-4069-840A-8E3FC15EAB82}.Release|Any CPU.ActiveCfg = Release|Any CPU
		{C9E1DAB9-0AB1-4069-840A-8E3FC15EAB82}.Release|Any CPU.Build.0 = Release|Any CPU
	EndGlobalSection
	GlobalSection(SolutionProperties) = preSolution
		HideSolutionNode = FALSE
	EndGlobalSection
	GlobalSection(ExtensibilityGlobals) = postSolution
		SolutionGuid = {7B226688-AEA3-444A-AE38-C70843FD8477}
	EndGlobalSection
EndGlobal
